# THIS IS AN AUTOGENERATED FILE. DO NOT EDIT THIS FILE DIRECTLY.
# yarn lockfile v1


browser-detect@^0.2.28:
  version "0.2.28"
  resolved "https://registry.yarnpkg.com/browser-detect/-/browser-detect-0.2.28.tgz#5688fc22f638390614ebea4646483403fb20ebfb"
  integrity sha512-KeWGHqYQmHDkCFG2dIiX/2wFUgqevbw/rd6wNi9N6rZbaSJFtG5kel0HtprRwCGp8sqpQP79LzDJXf/WCx4WAw==
  dependencies:
    core-js "^2.5.7"

core-js@^2.5.7:
  version "2.5.7"
  resolved "https://registry.yarnpkg.com/core-js/-/core-js-2.5.7.tgz#f972608ff0cead68b841a16a932d0b183791814e"
  integrity sha512-RszJCAxg/PP6uzXVXL6BsxSXx/B05oJAQ2vkJRjyjrEcNVycaqOmNb5OTxZPE3xa5gwZduqza6L9JOCenh/Ecw==
