# THIS IS AN AUTOGENERATED FILE. DO NOT EDIT THIS FILE DIRECTLY.
# yarn lockfile v1


browser-detect@^0.2.28:
  version "0.2.28"
  resolved "https://registry.yarnpkg.com/browser-detect/-/browser-detect-0.2.28.tgz#5688fc22f638390614ebea4646483403fb20ebfb"
  integrity sha512-KeWGHqYQmHDkCFG2dIiX/2wFUgqevbw/rd6wNi9N6rZbaSJFtG5kel0HtprRwCGp8sqpQP79LzDJXf/WCx4WAw==
  dependencies:
    core-js "^2.5.7"

core-js@^2.5.7:
  version "2.6.12"
  resolved "https://registry.yarnpkg.com/core-js/-/core-js-2.6.12.tgz#d9333dfa7b065e347cc5682219d6f690859cc2ec"
  integrity sha512-Kb2wC0fvsWfQrgk8HU5lW6U/Lcs8+9aaYcy4ZFc6DDlo4nZ7n70dEgE5rtR0oG6ufKDUnrwfWL1mXR5ljDatrQ==

jquery@^3.6.0:
  version "3.6.0"
  resolved "https://registry.yarnpkg.com/jquery/-/jquery-3.6.0.tgz#c72a09f15c1bdce142f49dbf1170bdf8adac2470"
  integrity sha512-JVzAR/AjBvVt2BmYhxRCSYysDsPcssdmTFnzyLEts9qNwmjmu4JTAMYubEfwVOSwpQ1I1sKKFcxhZCI2buerfw==
